
Microsoft Visual Studio Solution File, Format Version 12.00
# Visual Studio Version 16
VisualStudioVersion = 16.0.31105.61
MinimumVisualStudioVersion = 10.0.40219.1
Project("{FAE04EC0-301F-11D3-BF4B-00C04F79EFBC}") = "XamarinTwilioSOS.Android", "XamarinTwilioSOS\XamarinTwilioSOS.Android\XamarinTwilioSOS.Android.csproj", "{A7B58306-310B-4485-BC92-D2129C57C06A}"
EndProject
Project("{FAE04EC0-301F-11D3-BF4B-00C04F79EFBC}") = "XamarinTwilioSOS.iOS", "XamarinTwilioSOS\XamarinTwilioSOS.iOS\XamarinTwilioSOS.iOS.csproj", "{B69F795E-36B6-4791-8CC4-CB5AB6A2B994}"
EndProject
Project("{FAE04EC0-301F-11D3-BF4B-00C04F79EFBC}") = "XamarinTwilioSOS", "XamarinTwilioSOS\XamarinTwilioSOS\XamarinTwilioSOS.csproj", "{249D6D93-8A6E-42D2-BC78-959196BFB9CD}"
EndProject
Global
	GlobalSection(SolutionConfigurationPlatforms) = preSolution
		Debug|Any CPU = Debug|Any CPU
		Debug|iPhone = Debug|iPhone
		Debug|iPhoneSimulator = Debug|iPhoneSimulator
		Release|Any CPU = Release|Any CPU
		Release|iPhone = Release|iPhone
		Release|iPhoneSimulator = Release|iPhoneSimulator
	EndGlobalSection
	GlobalSection(ProjectConfigurationPlatforms) = postSolution
		{A7B58306-310B-4485-BC92-D2129C57C06A}.Debug|Any CPU.ActiveCfg = Debug|Any CPU
		{A7B58306-310B-4485-BC92-D2129C57C06A}.Debug|Any CPU.Build.0 = Debug|Any CPU
		{A7B58306-310B-4485-BC92-D2129C57C06A}.Debug|Any CPU.Deploy.0 = Debug|Any CPU
		{A7B58306-310B-4485-BC92-D2129C57C06A}.Debug|iPhone.ActiveCfg = Debug|Any CPU
		{A7B58306-310B-4485-BC92-D2129C57C06A}.Debug|iPhone.Build.0 = Debug|Any CPU
		{A7B58306-310B-4485-BC92-D2129C57C06A}.Debug|iPhone.Deploy.0 = Debug|Any CPU
		{A7B58306-310B-4485-BC92-D2129C57C06A}.Debug|iPhoneSimulator.ActiveCfg = Debug|Any CPU
		{A7B58306-310B-4485-BC92-D2129C57C06A}.Debug|iPhoneSimulator.Build.0 = Debug|Any CPU
		{A7B58306-310B-4485-BC92-D2129C57C06A}.Debug|iPhoneSimulator.Deploy.0 = Debug|Any CPU
		{A7B58306-310B-4485-BC92-D2129C57C06A}.Release|Any CPU.ActiveCfg = Release|Any CPU
		{A7B58306-310B-4485-BC92-D2129C57C06A}.Release|Any CPU.Build.0 = Release|Any CPU
		{A7B58306-310B-4485-BC92-D2129C57C06A}.Release|Any CPU.Deploy.0 = Release|Any CPU
		{A7B58306-310B-4485-BC92-D2129C57C06A}.Release|iPhone.ActiveCfg = Release|Any CPU
		{A7B58306-310B-4485-BC92-D2129C57C06A}.Release|iPhone.Build.0 = Release|Any CPU
		{A7B58306-310B-4485-BC92-D2129C57C06A}.Release|iPhone.Deploy.0 = Release|Any CPU
		{A7B58306-310B-4485-BC92-D2129C57C06A}.Release|iPhoneSimulator.ActiveCfg = Release|Any CPU
		{A7B58306-310B-4485-BC92-D2129C57C06A}.Release|iPhoneSimulator.Build.0 = Release|Any CPU
		{A7B58306-310B-4485-BC92-D2129C57C06A}.Release|iPhoneSimulator.Deploy.0 = Release|Any CPU
		{B69F795E-36B6-4791-8CC4-CB5AB6A2B994}.Debug|Any CPU.ActiveCfg = Debug|iPhone
		{B69F795E-36B6-4791-8CC4-CB5AB6A2B994}.Debug|Any CPU.Build.0 = Debug|iPhone
		{B69F795E-36B6-4791-8CC4-CB5AB6A2B994}.Debug|Any CPU.Deploy.0 = Debug|iPhone
		{B69F795E-36B6-4791-8CC4-CB5AB6A2B994}.Debug|iPhone.ActiveCfg = Debug|iPhone
		{B69F795E-36B6-4791-8CC4-CB5AB6A2B994}.Debug|iPhone.Build.0 = Debug|iPhone
		{B69F795E-36B6-4791-8CC4-CB5AB6A2B994}.Debug|iPhone.Deploy.0 = Debug|iPhone
		{B69F795E-36B6-4791-8CC4-CB5AB6A2B994}.Debug|iPhoneSimulator.ActiveCfg = Debug|iPhoneSimulator
		{B69F795E-36B6-4791-8CC4-CB5AB6A2B994}.Debug|iPhoneSimulator.Build.0 = Debug|iPhoneSimulator
		{B69F795E-36B6-4791-8CC4-CB5AB6A2B994}.Debug|iPhoneSimulator.Deploy.0 = Debug|iPhoneSimulator
		{B69F795E-36B6-4791-8CC4-CB5AB6A2B994}.Release|Any CPU.ActiveCfg = Release|iPhoneSimulator
		{B69F795E-36B6-4791-8CC4-CB5AB6A2B994}.Release|Any CPU.Build.0 = Release|iPhoneSimulator
		{B69F795E-36B6-4791-8CC4-CB5AB6A2B994}.Release|Any CPU.Deploy.0 = Release|iPhoneSimulator
		{B69F795E-36B6-4791-8CC4-CB5AB6A2B994}.Release|iPhone.ActiveCfg = Release|iPhone
		{B69F795E-36B6-4791-8CC4-CB5AB6A2B994}.Release|iPhone.Build.0 = Release|iPhone
		{B69F795E-36B6-4791-8CC4-CB5AB6A2B994}.Release|iPhone.Deploy.0 = Release|iPhone
		{B69F795E-36B6-4791-8CC4-CB5AB6A2B994}.Release|iPhoneSimulator.ActiveCfg = Release|iPhoneSimulator
		{B69F795E-36B6-4791-8CC4-CB5AB6A2B994}.Release|iPhoneSimulator.Build.0 = Release|iPhoneSimulator
		{B69F795E-36B6-4791-8CC4-CB5AB6A2B994}.Release|iPhoneSimulator.Deploy.0 = Release|iPhoneSimulator
		{249D6D93-8A6E-42D2-BC78-959196BFB9CD}.Debug|Any CPU.ActiveCfg = Debug|Any CPU
		{249D6D93-8A6E-42D2-BC78-959196BFB9CD}.Debug|Any CPU.Build.0 = Debug|Any CPU
		{249D6D93-8A6E-42D2-BC78-959196BFB9CD}.Debug|Any CPU.Deploy.0 = Debug|Any CPU
		{249D6D93-8A6E-42D2-BC78-959196BFB9CD}.Debug|iPhone.ActiveCfg = Debug|Any CPU
		{249D6D93-8A6E-42D2-BC78-959196BFB9CD}.Debug|iPhone.Build.0 = Debug|Any CPU
		{249D6D93-8A6E-42D2-BC78-959196BFB9CD}.Debug|iPhone.Deploy.0 = Debug|Any CPU
		{249D6D93-8A6E-42D2-BC78-959196BFB9CD}.Debug|iPhoneSimulator.ActiveCfg = Debug|Any CPU
		{249D6D93-8A6E-42D2-BC78-959196BFB9CD}.Debug|iPhoneSimulator.Build.0 = Debug|Any CPU
		{249D6D93-8A6E-42D2-BC78-959196BFB9CD}.Debug|iPhoneSimulator.Deploy.0 = Debug|Any CPU
		{249D6D93-8A6E-42D2-BC78-959196BFB9CD}.Release|Any CPU.ActiveCfg = Release|Any CPU
		{249D6D93-8A6E-42D2-BC78-959196BFB9CD}.Release|Any CPU.Build.0 = Release|Any CPU
		{249D6D93-8A6E-42D2-BC78-959196BFB9CD}.Release|Any CPU.Deploy.0 = Release|Any CPU
		{249D6D93-8A6E-42D2-BC78-959196BFB9CD}.Release|iPhone.ActiveCfg = Release|Any CPU
		{249D6D93-8A6E-42D2-BC78-959196BFB9CD}.Release|iPhone.Build.0 = Release|Any CPU
		{249D6D93-8A6E-42D2-BC78-959196BFB9CD}.Release|iPhone.Deploy.0 = Release|Any CPU
		{249D6D93-8A6E-42D2-BC78-959196BFB9CD}.Release|iPhoneSimulator.ActiveCfg = Release|Any CPU
		{249D6D93-8A6E-42D2-BC78-959196BFB9CD}.Release|iPhoneSimulator.Build.0 = Release|Any CPU
		{249D6D93-8A6E-42D2-BC78-959196BFB9CD}.Release|iPhoneSimulator.Deploy.0 = Release|Any CPU
	EndGlobalSection
	GlobalSection(SolutionProperties) = preSolution
		HideSolutionNode = FALSE
	EndGlobalSection
	GlobalSection(ExtensibilityGlobals) = postSolution
		SolutionGuid = {5F5BEFE9-F391-4ED2-8267-9BE7D087B090}
	EndGlobalSection
EndGlobal
